// !$*UTF8*$!
{
	archiveVersion = 1;
	classes = {
	};
	objectVersion = 50;
	objects = {

/* Begin PBXBuildFile section */
		2C5F5FD6247A19250092A3D9 /* AppDelegate.swift in Sources */ = {isa = PBXBuildFile; fileRef = 2C5F5FD5247A19250092A3D9 /* AppDelegate.swift */; };
		2C5F5FDC247A19250092A3D9 /* GameScene.swift in Sources */ = {isa = PBXBuildFile; fileRef = 2C5F5FDB247A19250092A3D9 /* GameScene.swift */; };
		2C5F5FDE247A19250092A3D9 /* GameViewController.swift in Sources */ = {isa = PBXBuildFile; fileRef = 2C5F5FDD247A19250092A3D9 /* GameViewController.swift */; };
		2C5F5FE1247A19250092A3D9 /* Main.storyboard in Resources */ = {isa = PBXBuildFile; fileRef = 2C5F5FDF247A19250092A3D9 /* Main.storyboard */; };
		2C5F5FE3247A19270092A3D9 /* Assets.xcassets in Resources */ = {isa = PBXBuildFile; fileRef = 2C5F5FE2247A19270092A3D9 /* Assets.xcassets */; };
		2C5F5FE6247A19270092A3D9 /* LaunchScreen.storyboard in Resources */ = {isa = PBXBuildFile; fileRef = 2C5F5FE4247A19270092A3D9 /* LaunchScreen.storyboard */; };
		2C5F5FEE247A1AE40092A3D9 /* README.md in Resources */ = {isa = PBXBuildFile; fileRef = 2C5F5FED247A1AE40092A3D9 /* README.md */; };
		2C5F5FF0247A224E0092A3D9 /* SeekScene.swift in Sources */ = {isa = PBXBuildFile; fileRef = 2C5F5FEF247A224E0092A3D9 /* SeekScene.swift */; };
		2C5F5FF3247A44070092A3D9 /* WanderScene.swift in Sources */ = {isa = PBXBuildFile; fileRef = 2C5F5FF2247A44070092A3D9 /* WanderScene.swift */; };
		2C5F5FF5247A442C0092A3D9 /* FleeScene.swift in Sources */ = {isa = PBXBuildFile; fileRef = 2C5F5FF4247A442C0092A3D9 /* FleeScene.swift */; };
		2C5F5FF7247A44480092A3D9 /* AvoidScene.swift in Sources */ = {isa = PBXBuildFile; fileRef = 2C5F5FF6247A44480092A3D9 /* AvoidScene.swift */; };
		2C5F5FF9247A44770092A3D9 /* SeparateScene.swift in Sources */ = {isa = PBXBuildFile; fileRef = 2C5F5FF8247A44770092A3D9 /* SeparateScene.swift */; };
		2C5F5FFB247A44940092A3D9 /* AlignScene.swift in Sources */ = {isa = PBXBuildFile; fileRef = 2C5F5FFA247A44940092A3D9 /* AlignScene.swift */; };
		2C5F5FFD247A44B10092A3D9 /* FlockScene.swift in Sources */ = {isa = PBXBuildFile; fileRef = 2C5F5FFC247A44B10092A3D9 /* FlockScene.swift */; };
		2C5F5FFF247A44C90092A3D9 /* PathScene.swift in Sources */ = {isa = PBXBuildFile; fileRef = 2C5F5FFE247A44C90092A3D9 /* PathScene.swift */; };
		2C5F6001247A58460092A3D9 /* AgentNode.swift in Sources */ = {isa = PBXBuildFile; fileRef = 2C5F6000247A58460092A3D9 /* AgentNode.swift */; };
		2C5F6004247A5DA50092A3D9 /* circle.png in Resources */ = {isa = PBXBuildFile; fileRef = 2C5F6002247A5DA50092A3D9 /* circle.png */; };
		2C5F6005247A5DA50092A3D9 /* Trail.sks in Resources */ = {isa = PBXBuildFile; fileRef = 2C5F6003247A5DA50092A3D9 /* Trail.sks */; };
/* End PBXBuildFile section */

/* Begin PBXFileReference section */
		2C5F5FD2247A19250092A3D9 /* LearnAgent.app */ = {isa = PBXFileReference; explicitFileType = wrapper.application; includeInIndex = 0; path = LearnAgent.app; sourceTree = BUILT_PRODUCTS_DIR; };
		2C5F5FD5247A19250092A3D9 /* AppDelegate.swift */ = {isa = PBXFileReference; lastKnownFileType = sourcecode.swift; path = AppDelegate.swift; sourceTree = "<group>"; };
		2C5F5FDB247A19250092A3D9 /* GameScene.swift */ = {isa = PBXFileReference; lastKnownFileType = sourcecode.swift; path = GameScene.swift; sourceTree = "<group>"; };
		2C5F5FDD247A19250092A3D9 /* GameViewController.swift */ = {isa = PBXFileReference; lastKnownFileType = sourcecode.swift; path = GameViewController.swift; sourceTree = "<group>"; };
		2C5F5FE0247A19250092A3D9 /* Base */ = {isa = PBXFileReference; lastKnownFileType = file.storyboard; name = Base; path = Base.lproj/Main.storyboard; sourceTree = "<group>"; };
		2C5F5FE2247A19270092A3D9 /* Assets.xcassets */ = {isa = PBXFileReference; lastKnownFileType = folder.assetcatalog; path = Assets.xcassets; sourceTree = "<group>"; };
		2C5F5FE5247A19270092A3D9 /* Base */ = {isa = PBXFileReference; lastKnownFileType = file.storyboard; name = Base; path = Base.lproj/LaunchScreen.storyboard; sourceTree = "<group>"; };
		2C5F5FE7247A19270092A3D9 /* Info.plist */ = {isa = PBXFileReference; lastKnownFileType = text.plist.xml; path = Info.plist; sourceTree = "<group>"; };
		2C5F5FED247A1AE40092A3D9 /* README.md */ = {isa = PBXFileReference; lastKnownFileType = net.daringfireball.markdown; path = README.md; sourceTree = "<group>"; };
		2C5F5FEF247A224E0092A3D9 /* SeekScene.swift */ = {isa = PBXFileReference; lastKnownFileType = sourcecode.swift; path = SeekScene.swift; sourceTree = "<group>"; };
		2C5F5FF2247A44070092A3D9 /* WanderScene.swift */ = {isa = PBXFileReference; lastKnownFileType = sourcecode.swift; path = WanderScene.swift; sourceTree = "<group>"; };
		2C5F5FF4247A442C0092A3D9 /* FleeScene.swift */ = {isa = PBXFileReference; lastKnownFileType = sourcecode.swift; path = FleeScene.swift; sourceTree = "<group>"; };
		2C5F5FF6247A44480092A3D9 /* AvoidScene.swift */ = {isa = PBXFileReference; lastKnownFileType = sourcecode.swift; path = AvoidScene.swift; sourceTree = "<group>"; };
		2C5F5FF8247A44770092A3D9 /* SeparateScene.swift */ = {isa = PBXFileReference; lastKnownFileType = sourcecode.swift; path = SeparateScene.swift; sourceTree = "<group>"; };
		2C5F5FFA247A44940092A3D9 /* AlignScene.swift */ = {isa = PBXFileReference; lastKnownFileType = sourcecode.swift; path = AlignScene.swift; sourceTree = "<group>"; };
		2C5F5FFC247A44B10092A3D9 /* FlockScene.swift */ = {isa = PBXFileReference; lastKnownFileType = sourcecode.swift; path = FlockScene.swift; sourceTree = "<group>"; };
		2C5F5FFE247A44C90092A3D9 /* PathScene.swift */ = {isa = PBXFileReference; lastKnownFileType = sourcecode.swift; path = PathScene.swift; sourceTree = "<group>"; };
		2C5F6000247A58460092A3D9 /* AgentNode.swift */ = {isa = PBXFileReference; lastKnownFileType = sourcecode.swift; path = AgentNode.swift; sourceTree = "<group>"; };
		2C5F6002247A5DA50092A3D9 /* circle.png */ = {isa = PBXFileReference; lastKnownFileType = image.png; path = circle.png; sourceTree = "<group>"; };
		2C5F6003247A5DA50092A3D9 /* Trail.sks */ = {isa = PBXFileReference; lastKnownFileType = file.sks; path = Trail.sks; sourceTree = "<group>"; };
/* End PBXFileReference section */

/* Begin PBXFrameworksBuildPhase section */
		2C5F5FCF247A19250092A3D9 /* Frameworks */ = {
			isa = PBXFrameworksBuildPhase;
			buildActionMask = 2147483647;
			files = (
			);
			runOnlyForDeploymentPostprocessing = 0;
		};
/* End PBXFrameworksBuildPhase section */

/* Begin PBXGroup section */
		2C5F5FC9247A19250092A3D9 = {
			isa = PBXGroup;
			children = (
				2C5F5FED247A1AE40092A3D9 /* README.md */,
				2C5F5FD4247A19250092A3D9 /* LearnAgent */,
				2C5F5FD3247A19250092A3D9 /* Products */,
			);
			sourceTree = "<group>";
		};
		2C5F5FD3247A19250092A3D9 /* Products */ = {
			isa = PBXGroup;
			children = (
				2C5F5FD2247A19250092A3D9 /* LearnAgent.app */,
			);
			name = Products;
			sourceTree = "<group>";
		};
		2C5F5FD4247A19250092A3D9 /* LearnAgent */ = {
			isa = PBXGroup;
			children = (
				2C5F6002247A5DA50092A3D9 /* circle.png */,
				2C5F6003247A5DA50092A3D9 /* Trail.sks */,
				2C5F5FD5247A19250092A3D9 /* AppDelegate.swift */,
				2C5F5FDD247A19250092A3D9 /* GameViewController.swift */,
				2C5F5FDF247A19250092A3D9 /* Main.storyboard */,
				2C5F5FE2247A19270092A3D9 /* Assets.xcassets */,
				2C5F5FE4247A19270092A3D9 /* LaunchScreen.storyboard */,
				2C5F5FE7247A19270092A3D9 /* Info.plist */,
				2C5F5FF1247A22570092A3D9 /* Scene */,
			);
			path = LearnAgent;
			sourceTree = "<group>";
		};
		2C5F5FF1247A22570092A3D9 /* Scene */ = {
			isa = PBXGroup;
			children = (
				2C5F5FEF247A224E0092A3D9 /* SeekScene.swift */,
				2C5F5FF2247A44070092A3D9 /* WanderScene.swift */,
				2C5F5FF4247A442C0092A3D9 /* FleeScene.swift */,
				2C5F5FF6247A44480092A3D9 /* AvoidScene.swift */,
				2C5F5FF8247A44770092A3D9 /* SeparateScene.swift */,
				2C5F5FFA247A44940092A3D9 /* AlignScene.swift */,
				2C5F5FFC247A44B10092A3D9 /* FlockScene.swift */,
				2C5F5FFE247A44C90092A3D9 /* PathScene.swift */,
				2C5F5FDB247A19250092A3D9 /* GameScene.swift */,
				2C5F6000247A58460092A3D9 /* AgentNode.swift */,
			);
			path = Scene;
			sourceTree = "<group>";
		};
/* End PBXGroup section */

/* Begin PBXNativeTarget section */
		2C5F5FD1247A19250092A3D9 /* LearnAgent */ = {
			isa = PBXNativeTarget;
			buildConfigurationList = 2C5F5FEA247A19270092A3D9 /* Build configuration list for PBXNativeTarget "LearnAgent" */;
			buildPhases = (
				2C5F5FCE247A19250092A3D9 /* Sources */,
				2C5F5FCF247A19250092A3D9 /* Frameworks */,
				2C5F5FD0247A19250092A3D9 /* Resources */,
			);
			buildRules = (
			);
			dependencies = (
			);
			name = LearnAgent;
			productName = LearnAgent;
			productReference = 2C5F5FD2247A19250092A3D9 /* LearnAgent.app */;
			productType = "com.apple.product-type.application";
		};
/* End PBXNativeTarget section */

/* Begin PBXProject section */
		2C5F5FCA247A19250092A3D9 /* Project object */ = {
			isa = PBXProject;
			attributes = {
				LastSwiftUpdateCheck = 1130;
				LastUpgradeCheck = 1130;
				ORGANIZATIONNAME = yan;
				TargetAttributes = {
					2C5F5FD1247A19250092A3D9 = {
						CreatedOnToolsVersion = 11.3.1;
					};
				};
			};
			buildConfigurationList = 2C5F5FCD247A19250092A3D9 /* Build configuration list for PBXProject "LearnAgent" */;
			compatibilityVersion = "Xcode 9.3";
			developmentRegion = en;
			hasScannedForEncodings = 0;
			knownRegions = (
				en,
				Base,
			);
			mainGroup = 2C5F5FC9247A19250092A3D9;
			productRefGroup = 2C5F5FD3247A19250092A3D9 /* Products */;
			projectDirPath = "";
			projectRoot = "";
			targets = (
				2C5F5FD1247A19250092A3D9 /* LearnAgent */,
			);
		};
/* End PBXProject section */

/* Begin PBXResourcesBuildPhase section */
		2C5F5FD0247A19250092A3D9 /* Resources */ = {
			isa = PBXResourcesBuildPhase;
			buildActionMask = 2147483647;
			files = (
				2C5F6005247A5DA50092A3D9 /* Trail.sks in Resources */,
				2C5F5FE1247A19250092A3D9 /* Main.storyboard in Resources */,
				2C5F5FEE247A1AE40092A3D9 /* README.md in Resources */,
				2C5F6004247A5DA50092A3D9 /* circle.png in Resources */,
				2C5F5FE3247A19270092A3D9 /* Assets.xcassets in Resources */,
				2C5F5FE6247A19270092A3D9 /* LaunchScreen.storyboard in Resources */,
			);
			runOnlyForDeploymentPostprocessing = 0;
		};
/* End PBXResourcesBuildPhase section */

/* Begin PBXSourcesBuildPhase section */
		2C5F5FCE247A19250092A3D9 /* Sources */ = {
			isa = PBXSourcesBuildPhase;
			buildActionMask = 2147483647;
			files = (
				2C5F5FF3247A44070092A3D9 /* WanderScene.swift in Sources */,
				2C5F5FF9247A44770092A3D9 /* SeparateScene.swift in Sources */,
				2C5F5FF0247A224E0092A3D9 /* SeekScene.swift in Sources */,
				2C5F5FFF247A44C90092A3D9 /* PathScene.swift in Sources */,
				2C5F5FF5247A442C0092A3D9 /* FleeScene.swift in Sources */,
				2C5F5FFB247A44940092A3D9 /* AlignScene.swift in Sources */,
				2C5F5FDC247A19250092A3D9 /* GameScene.swift in Sources */,
				2C5F6001247A58460092A3D9 /* AgentNode.swift in Sources */,
				2C5F5FDE247A19250092A3D9 /* GameViewController.swift in Sources */,
				2C5F5FD6247A19250092A3D9 /* AppDelegate.swift in Sources */,
				2C5F5FFD247A44B10092A3D9 /* FlockScene.swift in Sources */,
				2C5F5FF7247A44480092A3D9 /* AvoidScene.swift in Sources */,
			);
			runOnlyForDeploymentPostprocessing = 0;
		};
/* End PBXSourcesBuildPhase section */

/* Begin PBXVariantGroup section */
		2C5F5FDF247A19250092A3D9 /* Main.storyboard */ = {
			isa = PBXVariantGroup;
			children = (
				2C5F5FE0247A19250092A3D9 /* Base */,
			);
			name = Main.storyboard;
			sourceTree = "<group>";
		};
		2C5F5FE4247A19270092A3D9 /* LaunchScreen.storyboard */ = {
			isa = PBXVariantGroup;
			children = (
				2C5F5FE5247A19270092A3D9 /* Base */,
			);
			name = LaunchScreen.storyboard;
			sourceTree = "<group>";
		};
/* End PBXVariantGroup section */

/* Begin XCBuildConfiguration section */
		2C5F5FE8247A19270092A3D9 /* Debug */ = {
			isa = XCBuildConfiguration;
			buildSettings = {
				ALWAYS_SEARCH_USER_PATHS = NO;
				CLANG_ANALYZER_NONNULL = YES;
				CLANG_ANALYZER_NUMBER_OBJECT_CONVERSION = YES_AGGRESSIVE;
				CLANG_CXX_LANGUAGE_STANDARD = "gnu++14";
				CLANG_CXX_LIBRARY = "libc++";
				CLANG_ENABLE_MODULES = YES;
				CLANG_ENABLE_OBJC_ARC = YES;
				CLANG_ENABLE_OBJC_WEAK = YES;
				CLANG_WARN_BLOCK_CAPTURE_AUTORELEASING = YES;
				CLANG_WARN_BOOL_CONVERSION = YES;
				CLANG_WARN_COMMA = YES;
				CLANG_WARN_CONSTANT_CONVERSION = YES;
				CLANG_WARN_DEPRECATED_OBJC_IMPLEMENTATIONS = YES;
				CLANG_WARN_DIRECT_OBJC_ISA_USAGE = YES_ERROR;
				CLANG_WARN_DOCUMENTATION_COMMENTS = YES;
				CLANG_WARN_EMPTY_BODY = YES;
				CLANG_WARN_ENUM_CONVERSION = YES;
				CLANG_WARN_INFINITE_RECURSION = YES;
				CLANG_WARN_INT_CONVERSION = YES;
				CLANG_WARN_NON_LITERAL_NULL_CONVERSION = YES;
				CLANG_WARN_OBJC_IMPLICIT_RETAIN_SELF = YES;
				CLANG_WARN_OBJC_LITERAL_CONVERSION = YES;
				CLANG_WARN_OBJC_ROOT_CLASS = YES_ERROR;
				CLANG_WARN_RANGE_LOOP_ANALYSIS = YES;
				CLANG_WARN_STRICT_PROTOTYPES = YES;
				CLANG_WARN_SUSPICIOUS_MOVE = YES;
				CLANG_WARN_UNGUARDED_AVAILABILITY = YES_AGGRESSIVE;
				CLANG_WARN_UNREACHABLE_CODE = YES;
				CLANG_WARN__DUPLICATE_METHOD_MATCH = YES;
				COPY_PHASE_STRIP = NO;
				DEBUG_INFORMATION_FORMAT = dwarf;
				ENABLE_STRICT_OBJC_MSGSEND = YES;
				ENABLE_TESTABILITY = YES;
				GCC_C_LANGUAGE_STANDARD = gnu11;
				GCC_DYNAMIC_NO_PIC = NO;
				GCC_NO_COMMON_BLOCKS = YES;
				GCC_OPTIMIZATION_LEVEL = 0;
				GCC_PREPROCESSOR_DEFINITIONS = (
					"DEBUG=1",
					"$(inherited)",
				);
				GCC_WARN_64_TO_32_BIT_CONVERSION = YES;
				GCC_WARN_ABOUT_RETURN_TYPE = YES_ERROR;
				GCC_WARN_UNDECLARED_SELECTOR = YES;
				GCC_WARN_UNINITIALIZED_AUTOS = YES_AGGRESSIVE;
				GCC_WARN_UNUSED_FUNCTION = YES;
				GCC_WARN_UNUSED_VARIABLE = YES;
				IPHONEOS_DEPLOYMENT_TARGET = 13.2;
				MTL_ENABLE_DEBUG_INFO = INCLUDE_SOURCE;
				MTL_FAST_MATH = YES;
				ONLY_ACTIVE_ARCH = YES;
				SDKROOT = iphoneos;
				SWIFT_ACTIVE_COMPILATION_CONDITIONS = DEBUG;
				SWIFT_OPTIMIZATION_LEVEL = "-Onone";
			};
			name = Debug;
		};
		2C5F5FE9247A19270092A3D9 /* Release */ = {
			isa = XCBuildConfiguration;
			buildSettings = {
				ALWAYS_SEARCH_USER_PATHS = NO;
				CLANG_ANALYZER_NONNULL = YES;
				CLANG_ANALYZER_NUMBER_OBJECT_CONVERSION = YES_AGGRESSIVE;
				CLANG_CXX_LANGUAGE_STANDARD = "gnu++14";
				CLANG_CXX_LIBRARY = "libc++";
				CLANG_ENABLE_MODULES = YES;
				CLANG_ENABLE_OBJC_ARC = YES;
				CLANG_ENABLE_OBJC_WEAK = YES;
				CLANG_WARN_BLOCK_CAPTURE_AUTORELEASING = YES;
				CLANG_WARN_BOOL_CONVERSION = YES;
				CLANG_WARN_COMMA = YES;
				CLANG_WARN_CONSTANT_CONVERSION = YES;
				CLANG_WARN_DEPRECATED_OBJC_IMPLEMENTATIONS = YES;
				CLANG_WARN_DIRECT_OBJC_ISA_USAGE = YES_ERROR;
				CLANG_WARN_DOCUMENTATION_COMMENTS = YES;
				CLANG_WARN_EMPTY_BODY = YES;
				CLANG_WARN_ENUM_CONVERSION = YES;
				CLANG_WARN_INFINITE_RECURSION = YES;
				CLANG_WARN_INT_CONVERSION = YES;
				CLANG_WARN_NON_LITERAL_NULL_CONVERSION = YES;
				CLANG_WARN_OBJC_IMPLICIT_RETAIN_SELF = YES;
				CLANG_WARN_OBJC_LITERAL_CONVERSION = YES;
				CLANG_WARN_OBJC_ROOT_CLASS = YES_ERROR;
				CLANG_WARN_RANGE_LOOP_ANALYSIS = YES;
				CLANG_WARN_STRICT_PROTOTYPES = YES;
				CLANG_WARN_SUSPICIOUS_MOVE = YES;
				CLANG_WARN_UNGUARDED_AVAILABILITY = YES_AGGRESSIVE;
				CLANG_WARN_UNREACHABLE_CODE = YES;
				CLANG_WARN__DUPLICATE_METHOD_MATCH = YES;
				COPY_PHASE_STRIP = NO;
				DEBUG_INFORMATION_FORMAT = "dwarf-with-dsym";
				ENABLE_NS_ASSERTIONS = NO;
				ENABLE_STRICT_OBJC_MSGSEND = YES;
				GCC_C_LANGUAGE_STANDARD = gnu11;
				GCC_NO_COMMON_BLOCKS = YES;
				GCC_WARN_64_TO_32_BIT_CONVERSION = YES;
				GCC_WARN_ABOUT_RETURN_TYPE = YES_ERROR;
				GCC_WARN_UNDECLARED_SELECTOR = YES;
				GCC_WARN_UNINITIALIZED_AUTOS = YES_AGGRESSIVE;
				GCC_WARN_UNUSED_FUNCTION = YES;
				GCC_WARN_UNUSED_VARIABLE = YES;
				IPHONEOS_DEPLOYMENT_TARGET = 13.2;
				MTL_ENABLE_DEBUG_INFO = NO;
				MTL_FAST_MATH = YES;
				SDKROOT = iphoneos;
				SWIFT_COMPILATION_MODE = wholemodule;
				SWIFT_OPTIMIZATION_LEVEL = "-O";
				VALIDATE_PRODUCT = YES;
			};
			name = Release;
		};
		2C5F5FEB247A19270092A3D9 /* Debug */ = {
			isa = XCBuildConfiguration;
			buildSettings = {
				ASSETCATALOG_COMPILER_APPICON_NAME = AppIcon;
				CODE_SIGN_STYLE = Automatic;
				DEVELOPMENT_TEAM = 23M8WMG44B;
				INFOPLIST_FILE = LearnAgent/Info.plist;
				LD_RUNPATH_SEARCH_PATHS = (
					"$(inherited)",
					"@executable_path/Frameworks",
				);
				PRODUCT_BUNDLE_IDENTIFIER = com.HQY.LearnAgent;
				PRODUCT_NAME = "$(TARGET_NAME)";
				SWIFT_VERSION = 5.0;
				TARGETED_DEVICE_FAMILY = "1,2";
			};
			name = Debug;
		};
		2C5F5FEC247A19270092A3D9 /* Release */ = {
			isa = XCBuildConfiguration;
			buildSettings = {
				ASSETCATALOG_COMPILER_APPICON_NAME = AppIcon;
				CODE_SIGN_STYLE = Automatic;
				DEVELOPMENT_TEAM = 23M8WMG44B;
				INFOPLIST_FILE = LearnAgent/Info.plist;
				LD_RUNPATH_SEARCH_PATHS = (
					"$(inherited)",
					"@executable_path/Frameworks",
				);
				PRODUCT_BUNDLE_IDENTIFIER = com.HQY.LearnAgent;
				PRODUCT_NAME = "$(TARGET_NAME)";
				SWIFT_VERSION = 5.0;
				TARGETED_DEVICE_FAMILY = "1,2";
			};
			name = Release;
		};
/* End XCBuildConfiguration section */

/* Begin XCConfigurationList section */
		2C5F5FCD247A19250092A3D9 /* Build configuration list for PBXProject "LearnAgent" */ = {
			isa = XCConfigurationList;
			buildConfigurations = (
				2C5F5FE8247A19270092A3D9 /* Debug */,
				2C5F5FE9247A19270092A3D9 /* Release */,
			);
			defaultConfigurationIsVisible = 0;
			defaultConfigurationName = Release;
		};
		2C5F5FEA247A19270092A3D9 /* Build configuration list for PBXNativeTarget "LearnAgent" */ = {
			isa = XCConfigurationList;
			buildConfigurations = (
				2C5F5FEB247A19270092A3D9 /* Debug */,
				2C5F5FEC247A19270092A3D9 /* Release */,
			);
			defaultConfigurationIsVisible = 0;
			defaultConfigurationName = Release;
		};
/* End XCConfigurationList section */
	};
	rootObject = 2C5F5FCA247A19250092A3D9 /* Project object */;
}
